
Microsoft Visual Studio Solution File, Format Version 12.00
# Visual Studio 2015
Project("{FAE04EC0-301F-11D3-BF4B-00C04F79EFBC}") = "IDP-Model.CSharp.Plugins", "IDP-Model.CSharp.Plugins.csproj", "{C37921ED-2AE0-6C30-CA1A-E3DA2533BCCC}"
EndProject
Project("{FAE04EC0-301F-11D3-BF4B-00C04F79EFBC}") = "IDP-Model.CSharp", "IDP-Model.CSharp.csproj", "{24E8ABE2-670E-61E5-8BDF-DEBE6A5C6DBD}"
EndProject
Global
	GlobalSection(SolutionConfigurationPlatforms) = preSolution
		Debug|Any CPU = Debug|Any CPU
		Release|Any CPU = Release|Any CPU
	EndGlobalSection
	GlobalSection(ProjectConfigurationPlatforms) = postSolution
		{C37921ED-2AE0-6C30-CA1A-E3DA2533BCCC}.Debug|Any CPU.ActiveCfg = Debug|Any CPU
		{C37921ED-2AE0-6C30-CA1A-E3DA2533BCCC}.Debug|Any CPU.Build.0 = Debug|Any CPU
		{C37921ED-2AE0-6C30-CA1A-E3DA2533BCCC}.Release|Any CPU.ActiveCfg = Release|Any CPU
		{C37921ED-2AE0-6C30-CA1A-E3DA2533BCCC}.Release|Any CPU.Build.0 = Release|Any CPU
		{24E8ABE2-670E-61E5-8BDF-DEBE6A5C6DBD}.Debug|Any CPU.ActiveCfg = Debug|Any CPU
		{24E8ABE2-670E-61E5-8BDF-DEBE6A5C6DBD}.Debug|Any CPU.Build.0 = Debug|Any CPU
		{24E8ABE2-670E-61E5-8BDF-DEBE6A5C6DBD}.Release|Any CPU.ActiveCfg = Release|Any CPU
		{24E8ABE2-670E-61E5-8BDF-DEBE6A5C6DBD}.Release|Any CPU.Build.0 = Release|Any CPU
	EndGlobalSection
	GlobalSection(SolutionProperties) = preSolution
		HideSolutionNode = FALSE
	EndGlobalSection
EndGlobal
